
Microsoft Visual Studio Solution File, Format Version 12.00
# Visual Studio Version 17
VisualStudioVersion = 17.7.34221.43
MinimumVisualStudioVersion = 10.0.40219.1
Project("{FAE04EC0-301F-11D3-BF4B-00C04F79EFBC}") = "CardGame", "CardGame\CardGame.csproj", "{4F455334-3819-471D-AF0C-51F77D9DF7A3}"
EndProject
Global
	GlobalSection(SolutionConfigurationPlatforms) = preSolution
		Debug|Any CPU = Debug|Any CPU
		Release|Any CPU = Release|Any CPU
	EndGlobalSection
	GlobalSection(ProjectConfigurationPlatforms) = postSolution
		{4F455334-3819-471D-AF0C-51F77D9DF7A3}.Debug|Any CPU.ActiveCfg = Debug|Any CPU
		{4F455334-3819-471D-AF0C-51F77D9DF7A3}.Debug|Any CPU.Build.0 = Debug|Any CPU
		{4F455334-3819-471D-AF0C-51F77D9DF7A3}.Release|Any CPU.ActiveCfg = Release|Any CPU
		{4F455334-3819-471D-AF0C-51F77D9DF7A3}.Release|Any CPU.Build.0 = Release|Any CPU
	EndGlobalSection
	GlobalSection(SolutionProperties) = preSolution
		HideSolutionNode = FALSE
	EndGlobalSection
	GlobalSection(ExtensibilityGlobals) = postSolution
		SolutionGuid = {188AC97E-EFBC-4C47-8349-DB1CB13E38CA}
	EndGlobalSection
EndGlobal
